// !$*UTF8*$!
{
	archiveVersion = 1;
	classes = {
	};
	objectVersion = 50;
	objects = {

/* Begin PBXBuildFile section */
		9938A3A62408EEA6003B713E /* AppDelegate.swift in Sources */ = {isa = PBXBuildFile; fileRef = 9938A3A52408EEA6003B713E /* AppDelegate.swift */; };
		9938A3A82408EEA6003B713E /* SceneDelegate.swift in Sources */ = {isa = PBXBuildFile; fileRef = 9938A3A72408EEA6003B713E /* SceneDelegate.swift */; };
		9938A3AA2408EEA6003B713E /* ViewController.swift in Sources */ = {isa = PBXBuildFile; fileRef = 9938A3A92408EEA6003B713E /* ViewController.swift */; };
		9938A3AD2408EEA6003B713E /* Main.storyboard in Resources */ = {isa = PBXBuildFile; fileRef = 9938A3AB2408EEA6003B713E /* Main.storyboard */; };
		9938A3AF2408EEAE003B713E /* Assets.xcassets in Resources */ = {isa = PBXBuildFile; fileRef = 9938A3AE2408EEAE003B713E /* Assets.xcassets */; };
		9938A3B22408EEAE003B713E /* LaunchScreen.storyboard in Resources */ = {isa = PBXBuildFile; fileRef = 9938A3B02408EEAE003B713E /* LaunchScreen.storyboard */; };
/* End PBXBuildFile section */

/* Begin PBXFileReference section */
		9938A3A22408EEA6003B713E /* Loop training.app */ = {isa = PBXFileReference; explicitFileType = wrapper.application; includeInIndex = 0; path = "Loop training.app"; sourceTree = BUILT_PRODUCTS_DIR; };
		9938A3A52408EEA6003B713E /* AppDelegate.swift */ = {isa = PBXFileReference; lastKnownFileType = sourcecode.swift; path = AppDelegate.swift; sourceTree = "<group>"; };
		9938A3A72408EEA6003B713E /* SceneDelegate.swift */ = {isa = PBXFileReference; lastKnownFileType = sourcecode.swift; path = SceneDelegate.swift; sourceTree = "<group>"; };
		9938A3A92408EEA6003B713E /* ViewController.swift */ = {isa = PBXFileReference; lastKnownFileType = sourcecode.swift; path = ViewController.swift; sourceTree = "<group>"; };
		9938A3AC2408EEA6003B713E /* Base */ = {isa = PBXFileReference; lastKnownFileType = file.storyboard; name = Base; path = Base.lproj/Main.storyboard; sourceTree = "<group>"; };
		9938A3AE2408EEAE003B713E /* Assets.xcassets */ = {isa = PBXFileReference; lastKnownFileType = folder.assetcatalog; path = Assets.xcassets; sourceTree = "<group>"; };
		9938A3B12408EEAE003B713E /* Base */ = {isa = PBXFileReference; lastKnownFileType = file.storyboard; name = Base; path = Base.lproj/LaunchScreen.storyboard; sourceTree = "<group>"; };
		9938A3B32408EEAE003B713E /* Info.plist */ = {isa = PBXFileReference; lastKnownFileType = text.plist.xml; path = Info.plist; sourceTree = "<group>"; };
/* End PBXFileReference section */

/* Begin PBXFrameworksBuildPhase section */
		9938A39F2408EEA6003B713E /* Frameworks */ = {
			isa = PBXFrameworksBuildPhase;
			buildActionMask = 2147483647;
			files = (
			);
			runOnlyForDeploymentPostprocessing = 0;
		};
/* End PBXFrameworksBuildPhase section */

/* Begin PBXGroup section */
		9938A3992408EEA6003B713E = {
			isa = PBXGroup;
			children = (
				9938A3A42408EEA6003B713E /* Loop training */,
				9938A3A32408EEA6003B713E /* Products */,
			);
			sourceTree = "<group>";
		};
		9938A3A32408EEA6003B713E /* Products */ = {
			isa = PBXGroup;
			children = (
				9938A3A22408EEA6003B713E /* Loop training.app */,
			);
			name = Products;
			sourceTree = "<group>";
		};
		9938A3A42408EEA6003B713E /* Loop training */ = {
			isa = PBXGroup;
			children = (
				9938A3A52408EEA6003B713E /* AppDelegate.swift */,
				9938A3A72408EEA6003B713E /* SceneDelegate.swift */,
				9938A3A92408EEA6003B713E /* ViewController.swift */,
				9938A3AB2408EEA6003B713E /* Main.storyboard */,
				9938A3AE2408EEAE003B713E /* Assets.xcassets */,
				9938A3B02408EEAE003B713E /* LaunchScreen.storyboard */,
				9938A3B32408EEAE003B713E /* Info.plist */,
			);
			path = "Loop training";
			sourceTree = "<group>";
		};
/* End PBXGroup section */

/* Begin PBXNativeTarget section */
		9938A3A12408EEA6003B713E /* Loop training */ = {
			isa = PBXNativeTarget;
			buildConfigurationList = 9938A3B62408EEAE003B713E /* Build configuration list for PBXNativeTarget "Loop training" */;
			buildPhases = (
				9938A39E2408EEA6003B713E /* Sources */,
				9938A39F2408EEA6003B713E /* Frameworks */,
				9938A3A02408EEA6003B713E /* Resources */,
			);
			buildRules = (
			);
			dependencies = (
			);
			name = "Loop training";
			productName = "Loop training";
			productReference = 9938A3A22408EEA6003B713E /* Loop training.app */;
			productType = "com.apple.product-type.application";
		};
/* End PBXNativeTarget section */

/* Begin PBXProject section */
		9938A39A2408EEA6003B713E /* Project object */ = {
			isa = PBXProject;
			attributes = {
				LastSwiftUpdateCheck = 1130;
				LastUpgradeCheck = 1130;
				ORGANIZATIONNAME = "Ivan Nikitin";
				TargetAttributes = {
					9938A3A12408EEA6003B713E = {
						CreatedOnToolsVersion = 11.3.1;
					};
				};
			};
			buildConfigurationList = 9938A39D2408EEA6003B713E /* Build configuration list for PBXProject "Loop training" */;
			compatibilityVersion = "Xcode 9.3";
			developmentRegion = en;
			hasScannedForEncodings = 0;
			knownRegions = (
				en,
				Base,
			);
			mainGroup = 9938A3992408EEA6003B713E;
			productRefGroup = 9938A3A32408EEA6003B713E /* Products */;
			projectDirPath = "";
			projectRoot = "";
			targets = (
				9938A3A12408EEA6003B713E /* Loop training */,
			);
		};
/* End PBXProject section */

/* Begin PBXResourcesBuildPhase section */
		9938A3A02408EEA6003B713E /* Resources */ = {
			isa = PBXResourcesBuildPhase;
			buildActionMask = 2147483647;
			files = (
				9938A3B22408EEAE003B713E /* LaunchScreen.storyboard in Resources */,
				9938A3AF2408EEAE003B713E /* Assets.xcassets in Resources */,
				9938A3AD2408EEA6003B713E /* Main.storyboard in Resources */,
			);
			runOnlyForDeploymentPostprocessing = 0;
		};
/* End PBXResourcesBuildPhase section */

/* Begin PBXSourcesBuildPhase section */
		9938A39E2408EEA6003B713E /* Sources */ = {
			isa = PBXSourcesBuildPhase;
			buildActionMask = 2147483647;
			files = (
				9938A3AA2408EEA6003B713E /* ViewController.swift in Sources */,
				9938A3A62408EEA6003B713E /* AppDelegate.swift in Sources */,
				9938A3A82408EEA6003B713E /* SceneDelegate.swift in Sources */,
			);
			runOnlyForDeploymentPostprocessing = 0;
		};
/* End PBXSourcesBuildPhase section */

/* Begin PBXVariantGroup section */
		9938A3AB2408EEA6003B713E /* Main.storyboard */ = {
			isa = PBXVariantGroup;
			children = (
				9938A3AC2408EEA6003B713E /* Base */,
			);
			name = Main.storyboard;
			sourceTree = "<group>";
		};
		9938A3B02408EEAE003B713E /* LaunchScreen.storyboard */ = {
			isa = PBXVariantGroup;
			children = (
				9938A3B12408EEAE003B713E /* Base */,
			);
			name = LaunchScreen.storyboard;
			sourceTree = "<group>";
		};
/* End PBXVariantGroup section */

/* Begin XCBuildConfiguration section */
		9938A3B42408EEAE003B713E /* Debug */ = {
			isa = XCBuildConfiguration;
			buildSettings = {
				ALWAYS_SEARCH_USER_PATHS = NO;
				CLANG_ANALYZER_NONNULL = YES;
				CLANG_ANALYZER_NUMBER_OBJECT_CONVERSION = YES_AGGRESSIVE;
				CLANG_CXX_LANGUAGE_STANDARD = "gnu++14";
				CLANG_CXX_LIBRARY = "libc++";
				CLANG_ENABLE_MODULES = YES;
				CLANG_ENABLE_OBJC_ARC = YES;
				CLANG_ENABLE_OBJC_WEAK = YES;
				CLANG_WARN_BLOCK_CAPTURE_AUTORELEASING = YES;
				CLANG_WARN_BOOL_CONVERSION = YES;
				CLANG_WARN_COMMA = YES;
				CLANG_WARN_CONSTANT_CONVERSION = YES;
				CLANG_WARN_DEPRECATED_OBJC_IMPLEMENTATIONS = YES;
				CLANG_WARN_DIRECT_OBJC_ISA_USAGE = YES_ERROR;
				CLANG_WARN_DOCUMENTATION_COMMENTS = YES;
				CLANG_WARN_EMPTY_BODY = YES;
				CLANG_WARN_ENUM_CONVERSION = YES;
				CLANG_WARN_INFINITE_RECURSION = YES;
				CLANG_WARN_INT_CONVERSION = YES;
				CLANG_WARN_NON_LITERAL_NULL_CONVERSION = YES;
				CLANG_WARN_OBJC_IMPLICIT_RETAIN_SELF = YES;
				CLANG_WARN_OBJC_LITERAL_CONVERSION = YES;
				CLANG_WARN_OBJC_ROOT_CLASS = YES_ERROR;
				CLANG_WARN_RANGE_LOOP_ANALYSIS = YES;
				CLANG_WARN_STRICT_PROTOTYPES = YES;
				CLANG_WARN_SUSPICIOUS_MOVE = YES;
				CLANG_WARN_UNGUARDED_AVAILABILITY = YES_AGGRESSIVE;
				CLANG_WARN_UNREACHABLE_CODE = YES;
				CLANG_WARN__DUPLICATE_METHOD_MATCH = YES;
				COPY_PHASE_STRIP = NO;
				DEBUG_INFORMATION_FORMAT = dwarf;
				ENABLE_STRICT_OBJC_MSGSEND = YES;
				ENABLE_TESTABILITY = YES;
				GCC_C_LANGUAGE_STANDARD = gnu11;
				GCC_DYNAMIC_NO_PIC = NO;
				GCC_NO_COMMON_BLOCKS = YES;
				GCC_OPTIMIZATION_LEVEL = 0;
				GCC_PREPROCESSOR_DEFINITIONS = (
					"DEBUG=1",
					"$(inherited)",
				);
				GCC_WARN_64_TO_32_BIT_CONVERSION = YES;
				GCC_WARN_ABOUT_RETURN_TYPE = YES_ERROR;
				GCC_WARN_UNDECLARED_SELECTOR = YES;
				GCC_WARN_UNINITIALIZED_AUTOS = YES_AGGRESSIVE;
				GCC_WARN_UNUSED_FUNCTION = YES;
				GCC_WARN_UNUSED_VARIABLE = YES;
				IPHONEOS_DEPLOYMENT_TARGET = 13.2;
				MTL_ENABLE_DEBUG_INFO = INCLUDE_SOURCE;
				MTL_FAST_MATH = YES;
				ONLY_ACTIVE_ARCH = YES;
				SDKROOT = iphoneos;
				SWIFT_ACTIVE_COMPILATION_CONDITIONS = DEBUG;
				SWIFT_OPTIMIZATION_LEVEL = "-Onone";
			};
			name = Debug;
		};
		9938A3B52408EEAE003B713E /* Release */ = {
			isa = XCBuildConfiguration;
			buildSettings = {
				ALWAYS_SEARCH_USER_PATHS = NO;
				CLANG_ANALYZER_NONNULL = YES;
				CLANG_ANALYZER_NUMBER_OBJECT_CONVERSION = YES_AGGRESSIVE;
				CLANG_CXX_LANGUAGE_STANDARD = "gnu++14";
				CLANG_CXX_LIBRARY = "libc++";
				CLANG_ENABLE_MODULES = YES;
				CLANG_ENABLE_OBJC_ARC = YES;
				CLANG_ENABLE_OBJC_WEAK = YES;
				CLANG_WARN_BLOCK_CAPTURE_AUTORELEASING = YES;
				CLANG_WARN_BOOL_CONVERSION = YES;
				CLANG_WARN_COMMA = YES;
				CLANG_WARN_CONSTANT_CONVERSION = YES;
				CLANG_WARN_DEPRECATED_OBJC_IMPLEMENTATIONS = YES;
				CLANG_WARN_DIRECT_OBJC_ISA_USAGE = YES_ERROR;
				CLANG_WARN_DOCUMENTATION_COMMENTS = YES;
				CLANG_WARN_EMPTY_BODY = YES;
				CLANG_WARN_ENUM_CONVERSION = YES;
				CLANG_WARN_INFINITE_RECURSION = YES;
				CLANG_WARN_INT_CONVERSION = YES;
				CLANG_WARN_NON_LITERAL_NULL_CONVERSION = YES;
				CLANG_WARN_OBJC_IMPLICIT_RETAIN_SELF = YES;
				CLANG_WARN_OBJC_LITERAL_CONVERSION = YES;
				CLANG_WARN_OBJC_ROOT_CLASS = YES_ERROR;
				CLANG_WARN_RANGE_LOOP_ANALYSIS = YES;
				CLANG_WARN_STRICT_PROTOTYPES = YES;
				CLANG_WARN_SUSPICIOUS_MOVE = YES;
				CLANG_WARN_UNGUARDED_AVAILABILITY = YES_AGGRESSIVE;
				CLANG_WARN_UNREACHABLE_CODE = YES;
				CLANG_WARN__DUPLICATE_METHOD_MATCH = YES;
				COPY_PHASE_STRIP = NO;
				DEBUG_INFORMATION_FORMAT = "dwarf-with-dsym";
				ENABLE_NS_ASSERTIONS = NO;
				ENABLE_STRICT_OBJC_MSGSEND = YES;
				GCC_C_LANGUAGE_STANDARD = gnu11;
				GCC_NO_COMMON_BLOCKS = YES;
				GCC_WARN_64_TO_32_BIT_CONVERSION = YES;
				GCC_WARN_ABOUT_RETURN_TYPE = YES_ERROR;
				GCC_WARN_UNDECLARED_SELECTOR = YES;
				GCC_WARN_UNINITIALIZED_AUTOS = YES_AGGRESSIVE;
				GCC_WARN_UNUSED_FUNCTION = YES;
				GCC_WARN_UNUSED_VARIABLE = YES;
				IPHONEOS_DEPLOYMENT_TARGET = 13.2;
				MTL_ENABLE_DEBUG_INFO = NO;
				MTL_FAST_MATH = YES;
				SDKROOT = iphoneos;
				SWIFT_COMPILATION_MODE = wholemodule;
				SWIFT_OPTIMIZATION_LEVEL = "-O";
				VALIDATE_PRODUCT = YES;
			};
			name = Release;
		};
		9938A3B72408EEAE003B713E /* Debug */ = {
			isa = XCBuildConfiguration;
			buildSettings = {
				ASSETCATALOG_COMPILER_APPICON_NAME = AppIcon;
				CODE_SIGN_STYLE = Automatic;
				DEVELOPMENT_TEAM = 5MS39QS696;
				INFOPLIST_FILE = "Loop training/Info.plist";
				LD_RUNPATH_SEARCH_PATHS = (
					"$(inherited)",
					"@executable_path/Frameworks",
				);
				PRODUCT_BUNDLE_IDENTIFIER = "ru.appbaker.Loop-training";
				PRODUCT_NAME = "$(TARGET_NAME)";
				SWIFT_VERSION = 5.0;
				TARGETED_DEVICE_FAMILY = "1,2";
			};
			name = Debug;
		};
		9938A3B82408EEAE003B713E /* Release */ = {
			isa = XCBuildConfiguration;
			buildSettings = {
				ASSETCATALOG_COMPILER_APPICON_NAME = AppIcon;
				CODE_SIGN_STYLE = Automatic;
				DEVELOPMENT_TEAM = 5MS39QS696;
				INFOPLIST_FILE = "Loop training/Info.plist";
				LD_RUNPATH_SEARCH_PATHS = (
					"$(inherited)",
					"@executable_path/Frameworks",
				);
				PRODUCT_BUNDLE_IDENTIFIER = "ru.appbaker.Loop-training";
				PRODUCT_NAME = "$(TARGET_NAME)";
				SWIFT_VERSION = 5.0;
				TARGETED_DEVICE_FAMILY = "1,2";
			};
			name = Release;
		};
/* End XCBuildConfiguration section */

/* Begin XCConfigurationList section */
		9938A39D2408EEA6003B713E /* Build configuration list for PBXProject "Loop training" */ = {
			isa = XCConfigurationList;
			buildConfigurations = (
				9938A3B42408EEAE003B713E /* Debug */,
				9938A3B52408EEAE003B713E /* Release */,
			);
			defaultConfigurationIsVisible = 0;
			defaultConfigurationName = Release;
		};
		9938A3B62408EEAE003B713E /* Build configuration list for PBXNativeTarget "Loop training" */ = {
			isa = XCConfigurationList;
			buildConfigurations = (
				9938A3B72408EEAE003B713E /* Debug */,
				9938A3B82408EEAE003B713E /* Release */,
			);
			defaultConfigurationIsVisible = 0;
			defaultConfigurationName = Release;
		};
/* End XCConfigurationList section */
	};
	rootObject = 9938A39A2408EEA6003B713E /* Project object */;
}
